
Microsoft Visual Studio Solution File, Format Version 12.00
# Visual Studio Version 17
VisualStudioVersion = 17.3.32825.248
MinimumVisualStudioVersion = 10.0.40219.1
Project("{FAE04EC0-301F-11D3-BF4B-00C04F79EFBC}") = "June7Homework.Web", "June7Homework.Web\June7Homework.Web.csproj", "{B0BA7AF9-8E86-48D3-9301-2C3FF32D03DC}"
EndProject
Project("{FAE04EC0-301F-11D3-BF4B-00C04F79EFBC}") = "June7Homework.Data", "June7Homework.Data\June7Homework.Data.csproj", "{1AA4444A-C15A-465D-B382-5F51A8C59C33}"
EndProject
Global
	GlobalSection(SolutionConfigurationPlatforms) = preSolution
		Debug|Any CPU = Debug|Any CPU
		Release|Any CPU = Release|Any CPU
	EndGlobalSection
	GlobalSection(ProjectConfigurationPlatforms) = postSolution
		{B0BA7AF9-8E86-48D3-9301-2C3FF32D03DC}.Debug|Any CPU.ActiveCfg = Debug|Any CPU
		{B0BA7AF9-8E86-48D3-9301-2C3FF32D03DC}.Debug|Any CPU.Build.0 = Debug|Any CPU
		{B0BA7AF9-8E86-48D3-9301-2C3FF32D03DC}.Release|Any CPU.ActiveCfg = Release|Any CPU
		{B0BA7AF9-8E86-48D3-9301-2C3FF32D03DC}.Release|Any CPU.Build.0 = Release|Any CPU
		{1AA4444A-C15A-465D-B382-5F51A8C59C33}.Debug|Any CPU.ActiveCfg = Debug|Any CPU
		{1AA4444A-C15A-465D-B382-5F51A8C59C33}.Debug|Any CPU.Build.0 = Debug|Any CPU
		{1AA4444A-C15A-465D-B382-5F51A8C59C33}.Release|Any CPU.ActiveCfg = Release|Any CPU
		{1AA4444A-C15A-465D-B382-5F51A8C59C33}.Release|Any CPU.Build.0 = Release|Any CPU
	EndGlobalSection
	GlobalSection(SolutionProperties) = preSolution
		HideSolutionNode = FALSE
	EndGlobalSection
	GlobalSection(ExtensibilityGlobals) = postSolution
		SolutionGuid = {81CC7975-ED35-4118-8B46-E797534B6D8A}
	EndGlobalSection
EndGlobal
